
Microsoft Visual Studio Solution File, Format Version 9.00
# Visual Studio 2005
Project("{8BC9CEB8-8B4A-11D0-8D11-00A0C91BC942}") = "gb_fmath", "gb_fmath.vcproj", "{CE7514AE-CD59-4886-9868-A7D1BAA0C847}"
EndProject
Global
	GlobalSection(SolutionConfigurationPlatforms) = preSolution
		Debug|Win32 = Debug|Win32
		Release|Win32 = Release|Win32
	EndGlobalSection
	GlobalSection(ProjectConfigurationPlatforms) = postSolution
		{CE7514AE-CD59-4886-9868-A7D1BAA0C847}.Debug|Win32.ActiveCfg = Debug|Win32
		{CE7514AE-CD59-4886-9868-A7D1BAA0C847}.Debug|Win32.Build.0 = Debug|Win32
		{CE7514AE-CD59-4886-9868-A7D1BAA0C847}.Release|Win32.ActiveCfg = Release|Win32
		{CE7514AE-CD59-4886-9868-A7D1BAA0C847}.Release|Win32.Build.0 = Release|Win32
	EndGlobalSection
	GlobalSection(SolutionProperties) = preSolution
		HideSolutionNode = FALSE
	EndGlobalSection
EndGlobal
